
Microsoft Visual Studio Solution File, Format Version 12.00
# Visual Studio Version 17
VisualStudioVersion = 17.7.34031.279
MinimumVisualStudioVersion = 10.0.40219.1
Project("{FAE04EC0-301F-11D3-BF4B-00C04F79EFBC}") = "PolicyCoverageApi", "PolicyCoverageApi\PolicyCoverageApi.csproj", "{405BA355-F233-4772-8C69-46D33E42204B}"
EndProject
Project("{FAE04EC0-301F-11D3-BF4B-00C04F79EFBC}") = "PolicyCoverageApi.Tests", "PolicyCoverageApi.Tests\PolicyCoverageApi.Tests.csproj", "{15FD162D-5971-4763-BCF3-5D58AD6144EB}"
EndProject
Global
	GlobalSection(SolutionConfigurationPlatforms) = preSolution
		Debug|Any CPU = Debug|Any CPU
		Release|Any CPU = Release|Any CPU
	EndGlobalSection
	GlobalSection(ProjectConfigurationPlatforms) = postSolution
		{405BA355-F233-4772-8C69-46D33E42204B}.Debug|Any CPU.ActiveCfg = Debug|Any CPU
		{405BA355-F233-4772-8C69-46D33E42204B}.Debug|Any CPU.Build.0 = Debug|Any CPU
		{405BA355-F233-4772-8C69-46D33E42204B}.Release|Any CPU.ActiveCfg = Release|Any CPU
		{405BA355-F233-4772-8C69-46D33E42204B}.Release|Any CPU.Build.0 = Release|Any CPU
		{15FD162D-5971-4763-BCF3-5D58AD6144EB}.Debug|Any CPU.ActiveCfg = Debug|Any CPU
		{15FD162D-5971-4763-BCF3-5D58AD6144EB}.Debug|Any CPU.Build.0 = Debug|Any CPU
		{15FD162D-5971-4763-BCF3-5D58AD6144EB}.Release|Any CPU.ActiveCfg = Release|Any CPU
		{15FD162D-5971-4763-BCF3-5D58AD6144EB}.Release|Any CPU.Build.0 = Release|Any CPU
	EndGlobalSection
	GlobalSection(SolutionProperties) = preSolution
		HideSolutionNode = FALSE
	EndGlobalSection
	GlobalSection(ExtensibilityGlobals) = postSolution
		SolutionGuid = {35639EA7-48BF-49AB-928B-135BCF02B799}
	EndGlobalSection
EndGlobal
